{
  "name": "exif",
  "version": "1.0.0",
  "lockfileVersion": 1,
  "requires": true,
  "dependencies": {
    "axios": {
      "version": "0.19.0",
      "resolved": "https://registry.npm.taobao.org/axios/download/axios-0.19.0.tgz?cache=0&other_urls=https%3A%2F%2Fregistry.npm.taobao.org%2Faxios%2Fdownload%2Faxios-0.19.0.tgz",
      "integrity": "sha1-jgm/89kSLhM/e4EByPvdAO09Krg=",
      "requires": {
        "follow-redirects": "1.5.10",
        "is-buffer": "^2.0.2"
      }
    },
    "batch-cluster": {
      "version": "6.1.0",
      "resolved": "https://registry.npmjs.org/batch-cluster/-/batch-cluster-6.1.0.tgz",
      "integrity": "sha512-UTEJckl8xanAEW+4DMweKSZPgHzquF5kNU1nULSe2bFI4Z3nW54562aSEIW3POBTtCHWGxUCnk1Mx14PruhAWg=="
    },
    "debug": {
      "version": "3.1.0",
      "resolved": "https://registry.npm.taobao.org/debug/download/debug-3.1.0.tgz",
      "integrity": "sha1-W7WgZyYotkFJVmuhaBnmFRjGcmE=",
      "requires": {
        "ms": "2.0.0"
      }
    },
    "exiftool-vendored": {
      "version": "14.3.0",
      "resolved": "https://registry.npmjs.org/exiftool-vendored/-/exiftool-vendored-14.3.0.tgz",
      "integrity": "sha512-qEwyt6U4NFcFxdIOyv4mAx/JJkf7zrGr9enSanTn8NPvq1hwExfs3DP9LdVR0iNWTu4AopndGQCdsL0SqynJEg==",
      "requires": {
        "batch-cluster": "^6.0.2",
        "exiftool-vendored.exe": "^12.25.0",
        "exiftool-vendored.pl": "^12.25.0",
        "he": "^1.2.0",
        "luxon": "^1.26.0",
        "tz-lookup": "^6.1.25"
      }
    },
    "exiftool-vendored.exe": {
      "version": "12.25.0",
      "resolved": "https://registry.npmjs.org/exiftool-vendored.exe/-/exiftool-vendored.exe-12.25.0.tgz",
      "integrity": "sha512-8JfXFUex8D0HtHOKA89f45IEBS2ZBMc39DvvcbK4DcT6egNLZdwduO/asHPUS9epY6iIaN2AokAdyqn8bKpzWw==",
      "optional": true
    },
    "exiftool-vendored.pl": {
      "version": "12.25.0",
      "resolved": "https://registry.npmjs.org/exiftool-vendored.pl/-/exiftool-vendored.pl-12.25.0.tgz",
      "integrity": "sha512-AqNy26adsMiNiMYxq+E4RhLNoOXo9Bc3Add/tBl8I2zkjOO/6/zGP5EiMvXFooZfb406mJ3b6sokBPxfRBA+jQ==",
      "optional": true
    },
    "follow-redirects": {
      "version": "1.5.10",
      "resolved": "https://registry.npm.taobao.org/follow-redirects/download/follow-redirects-1.5.10.tgz",
      "integrity": "sha1-e3qfmuov3/NnhqlP9kPtB/T/Xio=",
      "requires": {
        "debug": "=3.1.0"
      }
    },
    "get-exif": {
      "version": "1.0.3",
      "resolved": "https://registry.npm.taobao.org/get-exif/download/get-exif-1.0.3.tgz",
      "integrity": "sha1-B5zaZoRQfnUJYS4EWiB2UzdgUMM=",
      "requires": {
        "inspect-with-kind": "^1.0.5",
        "piexifjs": "^2.0.0-beta.7"
      }
    },
    "he": {
      "version": "1.2.0",
      "resolved": "https://registry.npmjs.org/he/-/he-1.2.0.tgz",
      "integrity": "sha512-F/1DnUGPopORZi0ni+CvrCgHQ5FyEAHRLSApuYWMmrbSwoN2Mn/7k+Gl38gJnR7yyDZk6WLXwiGod1JOWNDKGw=="
    },
    "inspect-with-kind": {
      "version": "1.0.5",
      "resolved": "https://registry.npm.taobao.org/inspect-with-kind/download/inspect-with-kind-1.0.5.tgz",
      "integrity": "sha1-/OFR1M6JciyCyo6YYLuW+RZ8MWw=",
      "requires": {
        "kind-of": "^6.0.2"
      }
    },
    "is-buffer": {
      "version": "2.0.3",
      "resolved": "https://registry.npm.taobao.org/is-buffer/download/is-buffer-2.0.3.tgz",
      "integrity": "sha1-Ts8/z3ScvR5HJonhCaxmJhol5yU="
    },
    "kind-of": {
      "version": "6.0.2",
      "resolved": "https://registry.npm.taobao.org/kind-of/download/kind-of-6.0.2.tgz",
      "integrity": "sha1-ARRrNqYhjmTljzqNZt5df8b20FE="
    },
    "luxon": {
      "version": "1.26.0",
      "resolved": "https://registry.npmjs.org/luxon/-/luxon-1.26.0.tgz",
      "integrity": "sha512-+V5QIQ5f6CDXQpWNICELwjwuHdqeJM1UenlZWx5ujcRMc9venvluCjFb4t5NYLhb6IhkbMVOxzVuOqkgMxee2A=="
    },
    "minimist": {
      "version": "0.0.8",
      "resolved": "https://registry.npm.taobao.org/minimist/download/minimist-0.0.8.tgz",
      "integrity": "sha1-hX/Kv8M5fSYluCKCYuhqp6ARsF0="
    },
    "mkdirp": {
      "version": "0.5.1",
      "resolved": "https://registry.npm.taobao.org/mkdirp/download/mkdirp-0.5.1.tgz",
      "integrity": "sha1-MAV0OOrGz3+MR2fzhkjWaX11yQM=",
      "requires": {
        "minimist": "0.0.8"
      }
    },
    "ms": {
      "version": "2.0.0",
      "resolved": "https://registry.npm.taobao.org/ms/download/ms-2.0.0.tgz",
      "integrity": "sha1-VgiurfwAvmwpAd9fmGF4jeDVl8g="
    },
    "piexifjs": {
      "version": "2.0.0-beta.7",
      "resolved": "https://registry.npm.taobao.org/piexifjs/download/piexifjs-2.0.0-beta.7.tgz",
      "integrity": "sha1-jkvND8qDIQPuI0S5Nv637cnKPlA="
    },
    "read-exif": {
      "version": "1.0.0",
      "resolved": "https://registry.npm.taobao.org/read-exif/download/read-exif-1.0.0.tgz",
      "integrity": "sha1-Tx9FTGzcrFzoimu8yrdxwV2dep0=",
      "requires": {
        "get-exif": "^1.0.2"
      }
    },
    "remediator": {
      "version": "0.6.1",
      "resolved": "https://registry.npm.taobao.org/remediator/download/remediator-0.6.1.tgz",
      "integrity": "sha1-dUxJTya42yUJ2R+Dmv3uk8XhvqE=",
      "requires": {
        "mkdirp": "^0.5.1"
      }
    },
    "tz-lookup": {
      "version": "6.1.25",
      "resolved": "https://registry.npmjs.org/tz-lookup/-/tz-lookup-6.1.25.tgz",
      "integrity": "sha512-fFewT9o1uDzsW1QnUU1ValqaihFnwiUiiHr1S79/fxOzKXYYvX+EHeRnpvQJ9B3Qg67wPXT6QF2Esc4pFOrvLg=="
    }
  }
}
