{
  "name": "exif",
  "version": "1.0.0",
  "lockfileVersion": 1,
  "requires": true,
  "dependencies": {
    "@photostructure/tz-lookup": {
      "version": "7.0.0",
      "resolved": "https://registry.npmmirror.com/@photostructure/tz-lookup/-/tz-lookup-7.0.0.tgz",
      "integrity": "sha512-pTRsZz7Sn4yAtItC7I4+0segDHosMyOtJgAXg+xvDOolT0Xz4IFWqBV33OMCWoaNd3oQb60wbWhLeCQgJCyZAA=="
    },
    "@types/luxon": {
      "version": "3.2.0",
      "resolved": "https://registry.npmmirror.com/@types/luxon/-/luxon-3.2.0.tgz",
      "integrity": "sha512-lGmaGFoaXHuOLXFvuju2bfvZRqxAqkHPx9Y9IQdQABrinJJshJwfNCKV+u7rR3kJbiqfTF/NhOkcxxAFrObyaA=="
    },
    "axios": {
      "version": "0.19.0",
      "resolved": "https://registry.npm.taobao.org/axios/download/axios-0.19.0.tgz?cache=0&other_urls=https%3A%2F%2Fregistry.npm.taobao.org%2Faxios%2Fdownload%2Faxios-0.19.0.tgz",
      "integrity": "sha1-jgm/89kSLhM/e4EByPvdAO09Krg=",
      "requires": {
        "follow-redirects": "1.5.10",
        "is-buffer": "^2.0.2"
      }
    },
    "batch-cluster": {
      "version": "11.0.0",
      "resolved": "https://registry.npmmirror.com/batch-cluster/-/batch-cluster-11.0.0.tgz",
      "integrity": "sha512-8iwqa+rKTaakOHkqdcXDT5L5117pa+FoP8/yAKpNdL44ZnC4V2NEA/sIg0ZO0O9NkpdjLk0A3efRFM5nVizqHw=="
    },
    "debug": {
      "version": "3.1.0",
      "resolved": "https://registry.npm.taobao.org/debug/download/debug-3.1.0.tgz",
      "integrity": "sha1-W7WgZyYotkFJVmuhaBnmFRjGcmE=",
      "requires": {
        "ms": "2.0.0"
      }
    },
    "exiftool-vendored": {
      "version": "18.6.0",
      "resolved": "https://registry.npmmirror.com/exiftool-vendored/-/exiftool-vendored-18.6.0.tgz",
      "integrity": "sha512-5mDYKq7VMPuyFilXicSLZph1One/ynKUA+KJxt9seKDXzsx+kcfWGz7BzaCApJTdenV1hb8vEZY6dQ/YetOvHg==",
      "requires": {
        "@photostructure/tz-lookup": "^7.0.0",
        "@types/luxon": "^3.1.0",
        "batch-cluster": "^11.0.0",
        "exiftool-vendored.exe": "12.50.0",
        "exiftool-vendored.pl": "12.50.0",
        "he": "^1.2.0",
        "luxon": "^3.1.0"
      }
    },
    "exiftool-vendored.exe": {
      "version": "12.50.0",
      "resolved": "https://registry.npmmirror.com/exiftool-vendored.exe/-/exiftool-vendored.exe-12.50.0.tgz",
      "integrity": "sha512-V14ucZUVw1az/FVi6jO2KcKKLWRQKByC1K7xOYdpQJEP9hEIr+tHJdVCwldpd9NBysacAlBTHpHRaTYUXyIMJw==",
      "optional": true
    },
    "exiftool-vendored.pl": {
      "version": "12.50.0",
      "resolved": "https://registry.npmmirror.com/exiftool-vendored.pl/-/exiftool-vendored.pl-12.50.0.tgz",
      "integrity": "sha512-QwIPI1+RLM8cJyKgolvz7d9mrdPxB9b6VxIngheUn+92QUT0ZVQZJ/g57zX6Uh5qQaCISsyQU1uARcRAHhFlGg==",
      "optional": true
    },
    "follow-redirects": {
      "version": "1.5.10",
      "resolved": "https://registry.npm.taobao.org/follow-redirects/download/follow-redirects-1.5.10.tgz",
      "integrity": "sha1-e3qfmuov3/NnhqlP9kPtB/T/Xio=",
      "requires": {
        "debug": "=3.1.0"
      }
    },
    "get-exif": {
      "version": "1.0.3",
      "resolved": "https://registry.npm.taobao.org/get-exif/download/get-exif-1.0.3.tgz",
      "integrity": "sha1-B5zaZoRQfnUJYS4EWiB2UzdgUMM=",
      "requires": {
        "inspect-with-kind": "^1.0.5",
        "piexifjs": "^2.0.0-beta.7"
      }
    },
    "he": {
      "version": "1.2.0",
      "resolved": "https://registry.npmmirror.com/he/-/he-1.2.0.tgz",
      "integrity": "sha512-F/1DnUGPopORZi0ni+CvrCgHQ5FyEAHRLSApuYWMmrbSwoN2Mn/7k+Gl38gJnR7yyDZk6WLXwiGod1JOWNDKGw=="
    },
    "inspect-with-kind": {
      "version": "1.0.5",
      "resolved": "https://registry.npm.taobao.org/inspect-with-kind/download/inspect-with-kind-1.0.5.tgz",
      "integrity": "sha1-/OFR1M6JciyCyo6YYLuW+RZ8MWw=",
      "requires": {
        "kind-of": "^6.0.2"
      }
    },
    "is-buffer": {
      "version": "2.0.3",
      "resolved": "https://registry.npm.taobao.org/is-buffer/download/is-buffer-2.0.3.tgz",
      "integrity": "sha1-Ts8/z3ScvR5HJonhCaxmJhol5yU="
    },
    "kind-of": {
      "version": "6.0.2",
      "resolved": "https://registry.npm.taobao.org/kind-of/download/kind-of-6.0.2.tgz",
      "integrity": "sha1-ARRrNqYhjmTljzqNZt5df8b20FE="
    },
    "luxon": {
      "version": "3.2.1",
      "resolved": "https://registry.npmmirror.com/luxon/-/luxon-3.2.1.tgz",
      "integrity": "sha512-QrwPArQCNLAKGO/C+ZIilgIuDnEnKx5QYODdDtbFaxzsbZcc/a7WFq7MhsVYgRlwawLtvOUESTlfJ+hc/USqPg=="
    },
    "minimist": {
      "version": "0.0.8",
      "resolved": "https://registry.npm.taobao.org/minimist/download/minimist-0.0.8.tgz",
      "integrity": "sha1-hX/Kv8M5fSYluCKCYuhqp6ARsF0="
    },
    "mkdirp": {
      "version": "0.5.1",
      "resolved": "https://registry.npm.taobao.org/mkdirp/download/mkdirp-0.5.1.tgz",
      "integrity": "sha1-MAV0OOrGz3+MR2fzhkjWaX11yQM=",
      "requires": {
        "minimist": "0.0.8"
      }
    },
    "ms": {
      "version": "2.0.0",
      "resolved": "https://registry.npm.taobao.org/ms/download/ms-2.0.0.tgz",
      "integrity": "sha1-VgiurfwAvmwpAd9fmGF4jeDVl8g="
    },
    "piexifjs": {
      "version": "2.0.0-beta.7",
      "resolved": "https://registry.npm.taobao.org/piexifjs/download/piexifjs-2.0.0-beta.7.tgz",
      "integrity": "sha1-jkvND8qDIQPuI0S5Nv637cnKPlA="
    },
    "read-exif": {
      "version": "1.0.0",
      "resolved": "https://registry.npm.taobao.org/read-exif/download/read-exif-1.0.0.tgz",
      "integrity": "sha1-Tx9FTGzcrFzoimu8yrdxwV2dep0=",
      "requires": {
        "get-exif": "^1.0.2"
      }
    },
    "remediator": {
      "version": "0.6.1",
      "resolved": "https://registry.npm.taobao.org/remediator/download/remediator-0.6.1.tgz",
      "integrity": "sha1-dUxJTya42yUJ2R+Dmv3uk8XhvqE=",
      "requires": {
        "mkdirp": "^0.5.1"
      }
    }
  }
}
